
Microsoft Visual Studio Solution File, Format Version 12.00
# Visual Studio Version 16
VisualStudioVersion = 25.0.1705.2
MinimumVisualStudioVersion = 10.0.40219.1
Project("{FAE04EC0-301F-11D3-BF4B-00C04F79EFBC}") = "Livepl", "Livepl.csproj", "{F1A8377E-7205-4003-B600-1E34967ABB4C}"
EndProject
Global
	GlobalSection(SolutionConfigurationPlatforms) = preSolution
		Debug|Any CPU = Debug|Any CPU
		Release|Any CPU = Release|Any CPU
	EndGlobalSection
	GlobalSection(ProjectConfigurationPlatforms) = postSolution
		{F1A8377E-7205-4003-B600-1E34967ABB4C}.Debug|Any CPU.ActiveCfg = Debug|Any CPU
		{F1A8377E-7205-4003-B600-1E34967ABB4C}.Debug|Any CPU.Build.0 = Debug|Any CPU
		{F1A8377E-7205-4003-B600-1E34967ABB4C}.Release|Any CPU.ActiveCfg = Release|Any CPU
		{F1A8377E-7205-4003-B600-1E34967ABB4C}.Release|Any CPU.Build.0 = Release|Any CPU
	EndGlobalSection
	GlobalSection(SolutionProperties) = preSolution
		HideSolutionNode = FALSE
	EndGlobalSection
	GlobalSection(ExtensibilityGlobals) = postSolution
		SolutionGuid = {32741278-A6FD-449F-B91C-8BF1F682D0CD}
	EndGlobalSection
EndGlobal
